
Microsoft Visual Studio Solution File, Format Version 12.00
# Visual Studio 14
VisualStudioVersion = 14.0.24720.0
MinimumVisualStudioVersion = 10.0.40219.1
Project("{FAE04EC0-301F-11D3-BF4B-00C04F79EFBC}") = "Triangle", "Triangle\Triangle.csproj", "{3203D0FA-7C50-45E1-B326-FCB98112314D}"
EndProject
Project("{FAE04EC0-301F-11D3-BF4B-00C04F79EFBC}") = "TriangleTest", "TriangleTest\TriangleTest.csproj", "{270CD270-6B6E-4ABF-93B0-FCF5D56F8512}"
EndProject
Global
	GlobalSection(SolutionConfigurationPlatforms) = preSolution
		Debug|Any CPU = Debug|Any CPU
		Release|Any CPU = Release|Any CPU
	EndGlobalSection
	GlobalSection(ProjectConfigurationPlatforms) = postSolution
		{3203D0FA-7C50-45E1-B326-FCB98112314D}.Debug|Any CPU.ActiveCfg = Debug|Any CPU
		{3203D0FA-7C50-45E1-B326-FCB98112314D}.Debug|Any CPU.Build.0 = Debug|Any CPU
		{3203D0FA-7C50-45E1-B326-FCB98112314D}.Release|Any CPU.ActiveCfg = Release|Any CPU
		{3203D0FA-7C50-45E1-B326-FCB98112314D}.Release|Any CPU.Build.0 = Release|Any CPU
		{270CD270-6B6E-4ABF-93B0-FCF5D56F8512}.Debug|Any CPU.ActiveCfg = Debug|Any CPU
		{270CD270-6B6E-4ABF-93B0-FCF5D56F8512}.Debug|Any CPU.Build.0 = Debug|Any CPU
		{270CD270-6B6E-4ABF-93B0-FCF5D56F8512}.Release|Any CPU.ActiveCfg = Release|Any CPU
		{270CD270-6B6E-4ABF-93B0-FCF5D56F8512}.Release|Any CPU.Build.0 = Release|Any CPU
	EndGlobalSection
	GlobalSection(SolutionProperties) = preSolution
		HideSolutionNode = FALSE
	EndGlobalSection
EndGlobal
